
Microsoft Visual Studio Solution File, Format Version 12.00
# Visual Studio Version 17
VisualStudioVersion = 17.11.35327.3
MinimumVisualStudioVersion = 10.0.40219.1
Project("{9A19103F-16F7-4668-BE54-9A1E7A4F7556}") = "stage0", "stage0\stage0.csproj", "{02B8D66F-5C1B-4A9F-931E-7ADA69E8D295}"
EndProject
Project("{2150E333-8FDC-42A3-9474-1A3956D46DE8}") = "Solution Items", "Solution Items", "{F8315730-FB64-4501-9002-C08496F94646}"
	ProjectSection(SolutionItems) = preProject
		README.md = README.md
	EndProjectSection
EndProject
Project("{9A19103F-16F7-4668-BE54-9A1E7A4F7556}") = "DalFacade", "DalFacade\DalFacade.csproj", "{F3CE9B51-F2DF-4BFD-9E13-A5202060B2DF}"
EndProject
Project("{9A19103F-16F7-4668-BE54-9A1E7A4F7556}") = "DalList", "DalList\DalList.csproj", "{53F95952-9FBE-458C-96D4-DE91D4C40DF0}"
EndProject
Project("{9A19103F-16F7-4668-BE54-9A1E7A4F7556}") = "DalTest", "DalTes\DalTest.csproj", "{FA44819B-F343-4518-86F1-878DEC200499}"
EndProject
Project("{FAE04EC0-301F-11D3-BF4B-00C04F79EFBC}") = "DalXml", "DalXml\DalXml.csproj", "{5A9AE84E-C3F1-4132-96B9-D220E689A5C0}"
EndProject
Project("{2150E333-8FDC-42A3-9474-1A3956D46DE8}") = "xml", "xml", "{676794BE-EC92-43F6-B663-D8AD79375246}"
	ProjectSection(SolutionItems) = preProject
		xml\assignments.xml = xml\assignments.xml
		xml\calls.xml = xml\calls.xml
		xml\data-config.xml = xml\data-config.xml
		xml\volunteers.xml = xml\volunteers.xml
	EndProjectSection
EndProject
Global
	GlobalSection(SolutionConfigurationPlatforms) = preSolution
		Debug|Any CPU = Debug|Any CPU
		Release|Any CPU = Release|Any CPU
	EndGlobalSection
	GlobalSection(ProjectConfigurationPlatforms) = postSolution
		{02B8D66F-5C1B-4A9F-931E-7ADA69E8D295}.Debug|Any CPU.ActiveCfg = Debug|Any CPU
		{02B8D66F-5C1B-4A9F-931E-7ADA69E8D295}.Debug|Any CPU.Build.0 = Debug|Any CPU
		{02B8D66F-5C1B-4A9F-931E-7ADA69E8D295}.Release|Any CPU.ActiveCfg = Release|Any CPU
		{02B8D66F-5C1B-4A9F-931E-7ADA69E8D295}.Release|Any CPU.Build.0 = Release|Any CPU
		{F3CE9B51-F2DF-4BFD-9E13-A5202060B2DF}.Debug|Any CPU.ActiveCfg = Debug|Any CPU
		{F3CE9B51-F2DF-4BFD-9E13-A5202060B2DF}.Debug|Any CPU.Build.0 = Debug|Any CPU
		{F3CE9B51-F2DF-4BFD-9E13-A5202060B2DF}.Release|Any CPU.ActiveCfg = Release|Any CPU
		{F3CE9B51-F2DF-4BFD-9E13-A5202060B2DF}.Release|Any CPU.Build.0 = Release|Any CPU
		{53F95952-9FBE-458C-96D4-DE91D4C40DF0}.Debug|Any CPU.ActiveCfg = Debug|Any CPU
		{53F95952-9FBE-458C-96D4-DE91D4C40DF0}.Debug|Any CPU.Build.0 = Debug|Any CPU
		{53F95952-9FBE-458C-96D4-DE91D4C40DF0}.Release|Any CPU.ActiveCfg = Release|Any CPU
		{53F95952-9FBE-458C-96D4-DE91D4C40DF0}.Release|Any CPU.Build.0 = Release|Any CPU
		{FA44819B-F343-4518-86F1-878DEC200499}.Debug|Any CPU.ActiveCfg = Debug|Any CPU
		{FA44819B-F343-4518-86F1-878DEC200499}.Debug|Any CPU.Build.0 = Debug|Any CPU
		{FA44819B-F343-4518-86F1-878DEC200499}.Release|Any CPU.ActiveCfg = Release|Any CPU
		{FA44819B-F343-4518-86F1-878DEC200499}.Release|Any CPU.Build.0 = Release|Any CPU
		{5A9AE84E-C3F1-4132-96B9-D220E689A5C0}.Debug|Any CPU.ActiveCfg = Debug|Any CPU
		{5A9AE84E-C3F1-4132-96B9-D220E689A5C0}.Debug|Any CPU.Build.0 = Debug|Any CPU
		{5A9AE84E-C3F1-4132-96B9-D220E689A5C0}.Release|Any CPU.ActiveCfg = Release|Any CPU
		{5A9AE84E-C3F1-4132-96B9-D220E689A5C0}.Release|Any CPU.Build.0 = Release|Any CPU
	EndGlobalSection
	GlobalSection(SolutionProperties) = preSolution
		HideSolutionNode = FALSE
	EndGlobalSection
	GlobalSection(ExtensibilityGlobals) = postSolution
		SolutionGuid = {96157890-8BCC-467D-9191-0111B6A93156}
	EndGlobalSection
EndGlobal
